
Microsoft Visual Studio Solution File, Format Version 12.00
# Visual Studio Version 17
VisualStudioVersion = 17.9.34714.143
MinimumVisualStudioVersion = 10.0.40219.1
Project("{FAE04EC0-301F-11D3-BF4B-00C04F79EFBC}") = "PosBackend", "PosBackend\PosBackend.csproj", "{BE952D47-D793-4F52-9566-6111A9CA7FB9}"
EndProject
Global
	GlobalSection(SolutionConfigurationPlatforms) = preSolution
		Debug|Any CPU = Debug|Any CPU
		Release|Any CPU = Release|Any CPU
	EndGlobalSection
	GlobalSection(ProjectConfigurationPlatforms) = postSolution
		{BE952D47-D793-4F52-9566-6111A9CA7FB9}.Debug|Any CPU.ActiveCfg = Debug|Any CPU
		{BE952D47-D793-4F52-9566-6111A9CA7FB9}.Debug|Any CPU.Build.0 = Debug|Any CPU
		{BE952D47-D793-4F52-9566-6111A9CA7FB9}.Release|Any CPU.ActiveCfg = Release|Any CPU
		{BE952D47-D793-4F52-9566-6111A9CA7FB9}.Release|Any CPU.Build.0 = Release|Any CPU
	EndGlobalSection
	GlobalSection(SolutionProperties) = preSolution
		HideSolutionNode = FALSE
	EndGlobalSection
	GlobalSection(ExtensibilityGlobals) = postSolution
		SolutionGuid = {C255355F-A82B-4C9B-B694-B9A347DFAB51}
	EndGlobalSection
EndGlobal
